
Microsoft Visual Studio Solution File, Format Version 12.00
# Visual Studio 15
VisualStudioVersion = 15.0.27130.2024
MinimumVisualStudioVersion = 10.0.40219.1
Project("{8BC9CEB8-8B4A-11D0-8D11-00A0C91BC942}") = "raylib", "raylib\raylib.vcxproj", "{E89D61AC-55DE-4482-AFD4-DF7242EBC859}"
EndProject
Project("{8BC9CEB8-8B4A-11D0-8D11-00A0C91BC942}") = "core_basic_window_cpp", "examples\core_basic_window_cpp.vcxproj", "{B655E850-3322-42F7-941D-6AC18FD66CA1}"
EndProject
Project("{2150E333-8FDC-42A3-9474-1A3956D46DE8}") = "examples", "examples", "{8716DC0F-4FDE-4F57-8E25-5F78DFB80FE1}"
EndProject
Project("{8BC9CEB8-8B4A-11D0-8D11-00A0C91BC942}") = "core_basic_window", "examples\core_basic_window.vcxproj", "{0981CA98-E4A5-4DF1-987F-A41D09131EFC}"
EndProject
Project("{8BC9CEB8-8B4A-11D0-8D11-00A0C91BC942}") = "network_chat_client", "examples\network_chat_client.vcxproj", "{80AE5E50-FAC7-434F-A898-2878568E7D79}"
EndProject
Project("{8BC9CEB8-8B4A-11D0-8D11-00A0C91BC942}") = "network_chat_server", "examples\network_chat_server.vcxproj", "{BC49AAF0-E8C2-4F94-A60A-C56993023C6D}"
EndProject
Project("{8BC9CEB8-8B4A-11D0-8D11-00A0C91BC942}") = "network_ping_pong", "examples\network_ping_pong.vcxproj", "{56EB485C-00A9-459E-B758-2E86316EB7FD}"
EndProject
Project("{8BC9CEB8-8B4A-11D0-8D11-00A0C91BC942}") = "network_resolve_host", "examples\network_resolve_host.vcxproj", "{A16D19CB-6AF4-4D17-8318-EABD8805247C}"
EndProject
Project("{8BC9CEB8-8B4A-11D0-8D11-00A0C91BC942}") = "network_serialisation", "examples\network_serialisation.vcxproj", "{46B18968-56BC-4FB1-A7C0-FA418E095AFD}"
EndProject
Project("{8BC9CEB8-8B4A-11D0-8D11-00A0C91BC942}") = "network_tcp_client", "examples\network_tcp_client.vcxproj", "{3415FF09-CF64-451E-AC03-F2A30EC2AFD5}"
EndProject
Project("{8BC9CEB8-8B4A-11D0-8D11-00A0C91BC942}") = "network_tcp_server", "examples\network_tcp_server.vcxproj", "{B7AA867E-AA24-4CD6-A61E-5A0B9A068131}"
EndProject
Project("{8BC9CEB8-8B4A-11D0-8D11-00A0C91BC942}") = "network_udp_client", "examples\network_udp_client.vcxproj", "{0207D9BA-25E0-44A0-9B54-952FFDA3D58D}"
EndProject
Project("{8BC9CEB8-8B4A-11D0-8D11-00A0C91BC942}") = "network_udp_server", "examples\network_udp_server.vcxproj", "{C8C754B7-E53D-4D7D-A3F7-F52F5B55FA2A}"
EndProject
Project("{8BC9CEB8-8B4A-11D0-8D11-00A0C91BC942}") = "network_test", "examples\network_test.vcxproj", "{4297B501-7D79-4192-BC79-C6A8121B6C83}"
EndProject
Global
	GlobalSection(SolutionConfigurationPlatforms) = preSolution
		Debug.DLL|x64 = Debug.DLL|x64
		Debug.DLL|x86 = Debug.DLL|x86
		Debug|x64 = Debug|x64
		Debug|x86 = Debug|x86
		Release.DLL|x64 = Release.DLL|x64
		Release.DLL|x86 = Release.DLL|x86
		Release|x64 = Release|x64
		Release|x86 = Release|x86
	EndGlobalSection
	GlobalSection(ProjectConfigurationPlatforms) = postSolution
		{E89D61AC-55DE-4482-AFD4-DF7242EBC859}.Debug.DLL|x64.ActiveCfg = Debug.DLL|Win32
		{E89D61AC-55DE-4482-AFD4-DF7242EBC859}.Debug.DLL|x86.ActiveCfg = Debug.DLL|Win32
		{E89D61AC-55DE-4482-AFD4-DF7242EBC859}.Debug.DLL|x86.Build.0 = Debug.DLL|Win32
		{E89D61AC-55DE-4482-AFD4-DF7242EBC859}.Debug|x64.ActiveCfg = Debug|Win32
		{E89D61AC-55DE-4482-AFD4-DF7242EBC859}.Debug|x86.ActiveCfg = Debug|Win32
		{E89D61AC-55DE-4482-AFD4-DF7242EBC859}.Debug|x86.Build.0 = Debug|Win32
		{E89D61AC-55DE-4482-AFD4-DF7242EBC859}.Release.DLL|x64.ActiveCfg = Release.DLL|Win32
		{E89D61AC-55DE-4482-AFD4-DF7242EBC859}.Release.DLL|x86.ActiveCfg = Release.DLL|Win32
		{E89D61AC-55DE-4482-AFD4-DF7242EBC859}.Release.DLL|x86.Build.0 = Release.DLL|Win32
		{E89D61AC-55DE-4482-AFD4-DF7242EBC859}.Release|x64.ActiveCfg = Release|Win32
		{E89D61AC-55DE-4482-AFD4-DF7242EBC859}.Release|x86.ActiveCfg = Release|Win32
		{E89D61AC-55DE-4482-AFD4-DF7242EBC859}.Release|x86.Build.0 = Release|Win32
		{B655E850-3322-42F7-941D-6AC18FD66CA1}.Debug.DLL|x64.ActiveCfg = Debug.DLL|Win32
		{B655E850-3322-42F7-941D-6AC18FD66CA1}.Debug.DLL|x86.ActiveCfg = Debug.DLL|Win32
		{B655E850-3322-42F7-941D-6AC18FD66CA1}.Debug.DLL|x86.Build.0 = Debug.DLL|Win32
		{B655E850-3322-42F7-941D-6AC18FD66CA1}.Debug|x64.ActiveCfg = Debug|Win32
		{B655E850-3322-42F7-941D-6AC18FD66CA1}.Debug|x86.ActiveCfg = Debug|Win32
		{B655E850-3322-42F7-941D-6AC18FD66CA1}.Debug|x86.Build.0 = Debug|Win32
		{B655E850-3322-42F7-941D-6AC18FD66CA1}.Release.DLL|x64.ActiveCfg = Release.DLL|Win32
		{B655E850-3322-42F7-941D-6AC18FD66CA1}.Release.DLL|x86.ActiveCfg = Release.DLL|Win32
		{B655E850-3322-42F7-941D-6AC18FD66CA1}.Release.DLL|x86.Build.0 = Release.DLL|Win32
		{B655E850-3322-42F7-941D-6AC18FD66CA1}.Release|x64.ActiveCfg = Release|Win32
		{B655E850-3322-42F7-941D-6AC18FD66CA1}.Release|x86.ActiveCfg = Release|Win32
		{B655E850-3322-42F7-941D-6AC18FD66CA1}.Release|x86.Build.0 = Release|Win32
		{0981CA98-E4A5-4DF1-987F-A41D09131EFC}.Debug.DLL|x64.ActiveCfg = Debug.DLL|Win32
		{0981CA98-E4A5-4DF1-987F-A41D09131EFC}.Debug.DLL|x86.ActiveCfg = Debug.DLL|Win32
		{0981CA98-E4A5-4DF1-987F-A41D09131EFC}.Debug.DLL|x86.Build.0 = Debug.DLL|Win32
		{0981CA98-E4A5-4DF1-987F-A41D09131EFC}.Debug|x64.ActiveCfg = Debug|Win32
		{0981CA98-E4A5-4DF1-987F-A41D09131EFC}.Debug|x86.ActiveCfg = Debug|Win32
		{0981CA98-E4A5-4DF1-987F-A41D09131EFC}.Debug|x86.Build.0 = Debug|Win32
		{0981CA98-E4A5-4DF1-987F-A41D09131EFC}.Release.DLL|x64.ActiveCfg = Release.DLL|Win32
		{0981CA98-E4A5-4DF1-987F-A41D09131EFC}.Release.DLL|x86.ActiveCfg = Release.DLL|Win32
		{0981CA98-E4A5-4DF1-987F-A41D09131EFC}.Release.DLL|x86.Build.0 = Release.DLL|Win32
		{0981CA98-E4A5-4DF1-987F-A41D09131EFC}.Release|x64.ActiveCfg = Release|Win32
		{0981CA98-E4A5-4DF1-987F-A41D09131EFC}.Release|x86.ActiveCfg = Release|Win32
		{0981CA98-E4A5-4DF1-987F-A41D09131EFC}.Release|x86.Build.0 = Release|Win32
		{80AE5E50-FAC7-434F-A898-2878568E7D79}.Debug.DLL|x64.ActiveCfg = Debug|x64
		{80AE5E50-FAC7-434F-A898-2878568E7D79}.Debug.DLL|x64.Build.0 = Debug|x64
		{80AE5E50-FAC7-434F-A898-2878568E7D79}.Debug.DLL|x86.ActiveCfg = Debug|Win32
		{80AE5E50-FAC7-434F-A898-2878568E7D79}.Debug.DLL|x86.Build.0 = Debug|Win32
		{80AE5E50-FAC7-434F-A898-2878568E7D79}.Debug|x64.ActiveCfg = Debug|x64
		{80AE5E50-FAC7-434F-A898-2878568E7D79}.Debug|x64.Build.0 = Debug|x64
		{80AE5E50-FAC7-434F-A898-2878568E7D79}.Debug|x86.ActiveCfg = Debug|Win32
		{80AE5E50-FAC7-434F-A898-2878568E7D79}.Debug|x86.Build.0 = Debug|Win32
		{80AE5E50-FAC7-434F-A898-2878568E7D79}.Release.DLL|x64.ActiveCfg = Release|x64
		{80AE5E50-FAC7-434F-A898-2878568E7D79}.Release.DLL|x64.Build.0 = Release|x64
		{80AE5E50-FAC7-434F-A898-2878568E7D79}.Release.DLL|x86.ActiveCfg = Release|Win32
		{80AE5E50-FAC7-434F-A898-2878568E7D79}.Release.DLL|x86.Build.0 = Release|Win32
		{80AE5E50-FAC7-434F-A898-2878568E7D79}.Release|x64.ActiveCfg = Release|x64
		{80AE5E50-FAC7-434F-A898-2878568E7D79}.Release|x64.Build.0 = Release|x64
		{80AE5E50-FAC7-434F-A898-2878568E7D79}.Release|x86.ActiveCfg = Release|Win32
		{80AE5E50-FAC7-434F-A898-2878568E7D79}.Release|x86.Build.0 = Release|Win32
		{BC49AAF0-E8C2-4F94-A60A-C56993023C6D}.Debug.DLL|x64.ActiveCfg = Debug|x64
		{BC49AAF0-E8C2-4F94-A60A-C56993023C6D}.Debug.DLL|x64.Build.0 = Debug|x64
		{BC49AAF0-E8C2-4F94-A60A-C56993023C6D}.Debug.DLL|x86.ActiveCfg = Debug|Win32
		{BC49AAF0-E8C2-4F94-A60A-C56993023C6D}.Debug.DLL|x86.Build.0 = Debug|Win32
		{BC49AAF0-E8C2-4F94-A60A-C56993023C6D}.Debug|x64.ActiveCfg = Debug|x64
		{BC49AAF0-E8C2-4F94-A60A-C56993023C6D}.Debug|x64.Build.0 = Debug|x64
		{BC49AAF0-E8C2-4F94-A60A-C56993023C6D}.Debug|x86.ActiveCfg = Debug|Win32
		{BC49AAF0-E8C2-4F94-A60A-C56993023C6D}.Debug|x86.Build.0 = Debug|Win32
		{BC49AAF0-E8C2-4F94-A60A-C56993023C6D}.Release.DLL|x64.ActiveCfg = Release|x64
		{BC49AAF0-E8C2-4F94-A60A-C56993023C6D}.Release.DLL|x64.Build.0 = Release|x64
		{BC49AAF0-E8C2-4F94-A60A-C56993023C6D}.Release.DLL|x86.ActiveCfg = Release|Win32
		{BC49AAF0-E8C2-4F94-A60A-C56993023C6D}.Release.DLL|x86.Build.0 = Release|Win32
		{BC49AAF0-E8C2-4F94-A60A-C56993023C6D}.Release|x64.ActiveCfg = Release|x64
		{BC49AAF0-E8C2-4F94-A60A-C56993023C6D}.Release|x64.Build.0 = Release|x64
		{BC49AAF0-E8C2-4F94-A60A-C56993023C6D}.Release|x86.ActiveCfg = Release|Win32
		{BC49AAF0-E8C2-4F94-A60A-C56993023C6D}.Release|x86.Build.0 = Release|Win32
		{56EB485C-00A9-459E-B758-2E86316EB7FD}.Debug.DLL|x64.ActiveCfg = Debug|x64
		{56EB485C-00A9-459E-B758-2E86316EB7FD}.Debug.DLL|x64.Build.0 = Debug|x64
		{56EB485C-00A9-459E-B758-2E86316EB7FD}.Debug.DLL|x86.ActiveCfg = Debug|Win32
		{56EB485C-00A9-459E-B758-2E86316EB7FD}.Debug.DLL|x86.Build.0 = Debug|Win32
		{56EB485C-00A9-459E-B758-2E86316EB7FD}.Debug|x64.ActiveCfg = Debug|x64
		{56EB485C-00A9-459E-B758-2E86316EB7FD}.Debug|x64.Build.0 = Debug|x64
		{56EB485C-00A9-459E-B758-2E86316EB7FD}.Debug|x86.ActiveCfg = Debug|Win32
		{56EB485C-00A9-459E-B758-2E86316EB7FD}.Debug|x86.Build.0 = Debug|Win32
		{56EB485C-00A9-459E-B758-2E86316EB7FD}.Release.DLL|x64.ActiveCfg = Release|x64
		{56EB485C-00A9-459E-B758-2E86316EB7FD}.Release.DLL|x64.Build.0 = Release|x64
		{56EB485C-00A9-459E-B758-2E86316EB7FD}.Release.DLL|x86.ActiveCfg = Release|Win32
		{56EB485C-00A9-459E-B758-2E86316EB7FD}.Release.DLL|x86.Build.0 = Release|Win32
		{56EB485C-00A9-459E-B758-2E86316EB7FD}.Release|x64.ActiveCfg = Release|x64
		{56EB485C-00A9-459E-B758-2E86316EB7FD}.Release|x64.Build.0 = Release|x64
		{56EB485C-00A9-459E-B758-2E86316EB7FD}.Release|x86.ActiveCfg = Release|Win32
		{56EB485C-00A9-459E-B758-2E86316EB7FD}.Release|x86.Build.0 = Release|Win32
		{A16D19CB-6AF4-4D17-8318-EABD8805247C}.Debug.DLL|x64.ActiveCfg = Debug|x64
		{A16D19CB-6AF4-4D17-8318-EABD8805247C}.Debug.DLL|x64.Build.0 = Debug|x64
		{A16D19CB-6AF4-4D17-8318-EABD8805247C}.Debug.DLL|x86.ActiveCfg = Debug|Win32
		{A16D19CB-6AF4-4D17-8318-EABD8805247C}.Debug.DLL|x86.Build.0 = Debug|Win32
		{A16D19CB-6AF4-4D17-8318-EABD8805247C}.Debug|x64.ActiveCfg = Debug|x64
		{A16D19CB-6AF4-4D17-8318-EABD8805247C}.Debug|x64.Build.0 = Debug|x64
		{A16D19CB-6AF4-4D17-8318-EABD8805247C}.Debug|x86.ActiveCfg = Debug|Win32
		{A16D19CB-6AF4-4D17-8318-EABD8805247C}.Debug|x86.Build.0 = Debug|Win32
		{A16D19CB-6AF4-4D17-8318-EABD8805247C}.Release.DLL|x64.ActiveCfg = Release|x64
		{A16D19CB-6AF4-4D17-8318-EABD8805247C}.Release.DLL|x64.Build.0 = Release|x64
		{A16D19CB-6AF4-4D17-8318-EABD8805247C}.Release.DLL|x86.ActiveCfg = Release|Win32
		{A16D19CB-6AF4-4D17-8318-EABD8805247C}.Release.DLL|x86.Build.0 = Release|Win32
		{A16D19CB-6AF4-4D17-8318-EABD8805247C}.Release|x64.ActiveCfg = Release|x64
		{A16D19CB-6AF4-4D17-8318-EABD8805247C}.Release|x64.Build.0 = Release|x64
		{A16D19CB-6AF4-4D17-8318-EABD8805247C}.Release|x86.ActiveCfg = Release|Win32
		{A16D19CB-6AF4-4D17-8318-EABD8805247C}.Release|x86.Build.0 = Release|Win32
		{46B18968-56BC-4FB1-A7C0-FA418E095AFD}.Debug.DLL|x64.ActiveCfg = Debug|x64
		{46B18968-56BC-4FB1-A7C0-FA418E095AFD}.Debug.DLL|x64.Build.0 = Debug|x64
		{46B18968-56BC-4FB1-A7C0-FA418E095AFD}.Debug.DLL|x86.ActiveCfg = Debug|Win32
		{46B18968-56BC-4FB1-A7C0-FA418E095AFD}.Debug.DLL|x86.Build.0 = Debug|Win32
		{46B18968-56BC-4FB1-A7C0-FA418E095AFD}.Debug|x64.ActiveCfg = Debug|x64
		{46B18968-56BC-4FB1-A7C0-FA418E095AFD}.Debug|x64.Build.0 = Debug|x64
		{46B18968-56BC-4FB1-A7C0-FA418E095AFD}.Debug|x86.ActiveCfg = Debug|Win32
		{46B18968-56BC-4FB1-A7C0-FA418E095AFD}.Debug|x86.Build.0 = Debug|Win32
		{46B18968-56BC-4FB1-A7C0-FA418E095AFD}.Release.DLL|x64.ActiveCfg = Release|x64
		{46B18968-56BC-4FB1-A7C0-FA418E095AFD}.Release.DLL|x64.Build.0 = Release|x64
		{46B18968-56BC-4FB1-A7C0-FA418E095AFD}.Release.DLL|x86.ActiveCfg = Release|Win32
		{46B18968-56BC-4FB1-A7C0-FA418E095AFD}.Release.DLL|x86.Build.0 = Release|Win32
		{46B18968-56BC-4FB1-A7C0-FA418E095AFD}.Release|x64.ActiveCfg = Release|x64
		{46B18968-56BC-4FB1-A7C0-FA418E095AFD}.Release|x64.Build.0 = Release|x64
		{46B18968-56BC-4FB1-A7C0-FA418E095AFD}.Release|x86.ActiveCfg = Release|Win32
		{46B18968-56BC-4FB1-A7C0-FA418E095AFD}.Release|x86.Build.0 = Release|Win32
		{3415FF09-CF64-451E-AC03-F2A30EC2AFD5}.Debug.DLL|x64.ActiveCfg = Debug|x64
		{3415FF09-CF64-451E-AC03-F2A30EC2AFD5}.Debug.DLL|x64.Build.0 = Debug|x64
		{3415FF09-CF64-451E-AC03-F2A30EC2AFD5}.Debug.DLL|x86.ActiveCfg = Debug|Win32
		{3415FF09-CF64-451E-AC03-F2A30EC2AFD5}.Debug.DLL|x86.Build.0 = Debug|Win32
		{3415FF09-CF64-451E-AC03-F2A30EC2AFD5}.Debug|x64.ActiveCfg = Debug|x64
		{3415FF09-CF64-451E-AC03-F2A30EC2AFD5}.Debug|x64.Build.0 = Debug|x64
		{3415FF09-CF64-451E-AC03-F2A30EC2AFD5}.Debug|x86.ActiveCfg = Debug|Win32
		{3415FF09-CF64-451E-AC03-F2A30EC2AFD5}.Debug|x86.Build.0 = Debug|Win32
		{3415FF09-CF64-451E-AC03-F2A30EC2AFD5}.Release.DLL|x64.ActiveCfg = Release|x64
		{3415FF09-CF64-451E-AC03-F2A30EC2AFD5}.Release.DLL|x64.Build.0 = Release|x64
		{3415FF09-CF64-451E-AC03-F2A30EC2AFD5}.Release.DLL|x86.ActiveCfg = Release|Win32
		{3415FF09-CF64-451E-AC03-F2A30EC2AFD5}.Release.DLL|x86.Build.0 = Release|Win32
		{3415FF09-CF64-451E-AC03-F2A30EC2AFD5}.Release|x64.ActiveCfg = Release|x64
		{3415FF09-CF64-451E-AC03-F2A30EC2AFD5}.Release|x64.Build.0 = Release|x64
		{3415FF09-CF64-451E-AC03-F2A30EC2AFD5}.Release|x86.ActiveCfg = Release|Win32
		{3415FF09-CF64-451E-AC03-F2A30EC2AFD5}.Release|x86.Build.0 = Release|Win32
		{B7AA867E-AA24-4CD6-A61E-5A0B9A068131}.Debug.DLL|x64.ActiveCfg = Debug|x64
		{B7AA867E-AA24-4CD6-A61E-5A0B9A068131}.Debug.DLL|x64.Build.0 = Debug|x64
		{B7AA867E-AA24-4CD6-A61E-5A0B9A068131}.Debug.DLL|x86.ActiveCfg = Debug|Win32
		{B7AA867E-AA24-4CD6-A61E-5A0B9A068131}.Debug.DLL|x86.Build.0 = Debug|Win32
		{B7AA867E-AA24-4CD6-A61E-5A0B9A068131}.Debug|x64.ActiveCfg = Debug|x64
		{B7AA867E-AA24-4CD6-A61E-5A0B9A068131}.Debug|x64.Build.0 = Debug|x64
		{B7AA867E-AA24-4CD6-A61E-5A0B9A068131}.Debug|x86.ActiveCfg = Debug|Win32
		{B7AA867E-AA24-4CD6-A61E-5A0B9A068131}.Debug|x86.Build.0 = Debug|Win32
		{B7AA867E-AA24-4CD6-A61E-5A0B9A068131}.Release.DLL|x64.ActiveCfg = Release|x64
		{B7AA867E-AA24-4CD6-A61E-5A0B9A068131}.Release.DLL|x64.Build.0 = Release|x64
		{B7AA867E-AA24-4CD6-A61E-5A0B9A068131}.Release.DLL|x86.ActiveCfg = Release|Win32
		{B7AA867E-AA24-4CD6-A61E-5A0B9A068131}.Release.DLL|x86.Build.0 = Release|Win32
		{B7AA867E-AA24-4CD6-A61E-5A0B9A068131}.Release|x64.ActiveCfg = Release|x64
		{B7AA867E-AA24-4CD6-A61E-5A0B9A068131}.Release|x64.Build.0 = Release|x64
		{B7AA867E-AA24-4CD6-A61E-5A0B9A068131}.Release|x86.ActiveCfg = Release|Win32
		{B7AA867E-AA24-4CD6-A61E-5A0B9A068131}.Release|x86.Build.0 = Release|Win32
		{0207D9BA-25E0-44A0-9B54-952FFDA3D58D}.Debug.DLL|x64.ActiveCfg = Debug|x64
		{0207D9BA-25E0-44A0-9B54-952FFDA3D58D}.Debug.DLL|x64.Build.0 = Debug|x64
		{0207D9BA-25E0-44A0-9B54-952FFDA3D58D}.Debug.DLL|x86.ActiveCfg = Debug|Win32
		{0207D9BA-25E0-44A0-9B54-952FFDA3D58D}.Debug.DLL|x86.Build.0 = Debug|Win32
		{0207D9BA-25E0-44A0-9B54-952FFDA3D58D}.Debug|x64.ActiveCfg = Debug|x64
		{0207D9BA-25E0-44A0-9B54-952FFDA3D58D}.Debug|x64.Build.0 = Debug|x64
		{0207D9BA-25E0-44A0-9B54-952FFDA3D58D}.Debug|x86.ActiveCfg = Debug|Win32
		{0207D9BA-25E0-44A0-9B54-952FFDA3D58D}.Debug|x86.Build.0 = Debug|Win32
		{0207D9BA-25E0-44A0-9B54-952FFDA3D58D}.Release.DLL|x64.ActiveCfg = Release|x64
		{0207D9BA-25E0-44A0-9B54-952FFDA3D58D}.Release.DLL|x64.Build.0 = Release|x64
		{0207D9BA-25E0-44A0-9B54-952FFDA3D58D}.Release.DLL|x86.ActiveCfg = Release|Win32
		{0207D9BA-25E0-44A0-9B54-952FFDA3D58D}.Release.DLL|x86.Build.0 = Release|Win32
		{0207D9BA-25E0-44A0-9B54-952FFDA3D58D}.Release|x64.ActiveCfg = Release|x64
		{0207D9BA-25E0-44A0-9B54-952FFDA3D58D}.Release|x64.Build.0 = Release|x64
		{0207D9BA-25E0-44A0-9B54-952FFDA3D58D}.Release|x86.ActiveCfg = Release|Win32
		{0207D9BA-25E0-44A0-9B54-952FFDA3D58D}.Release|x86.Build.0 = Release|Win32
		{C8C754B7-E53D-4D7D-A3F7-F52F5B55FA2A}.Debug.DLL|x64.ActiveCfg = Debug|x64
		{C8C754B7-E53D-4D7D-A3F7-F52F5B55FA2A}.Debug.DLL|x64.Build.0 = Debug|x64
		{C8C754B7-E53D-4D7D-A3F7-F52F5B55FA2A}.Debug.DLL|x86.ActiveCfg = Debug|Win32
		{C8C754B7-E53D-4D7D-A3F7-F52F5B55FA2A}.Debug.DLL|x86.Build.0 = Debug|Win32
		{C8C754B7-E53D-4D7D-A3F7-F52F5B55FA2A}.Debug|x64.ActiveCfg = Debug|x64
		{C8C754B7-E53D-4D7D-A3F7-F52F5B55FA2A}.Debug|x64.Build.0 = Debug|x64
		{C8C754B7-E53D-4D7D-A3F7-F52F5B55FA2A}.Debug|x86.ActiveCfg = Debug|Win32
		{C8C754B7-E53D-4D7D-A3F7-F52F5B55FA2A}.Debug|x86.Build.0 = Debug|Win32
		{C8C754B7-E53D-4D7D-A3F7-F52F5B55FA2A}.Release.DLL|x64.ActiveCfg = Release|x64
		{C8C754B7-E53D-4D7D-A3F7-F52F5B55FA2A}.Release.DLL|x64.Build.0 = Release|x64
		{C8C754B7-E53D-4D7D-A3F7-F52F5B55FA2A}.Release.DLL|x86.ActiveCfg = Release|Win32
		{C8C754B7-E53D-4D7D-A3F7-F52F5B55FA2A}.Release.DLL|x86.Build.0 = Release|Win32
		{C8C754B7-E53D-4D7D-A3F7-F52F5B55FA2A}.Release|x64.ActiveCfg = Release|x64
		{C8C754B7-E53D-4D7D-A3F7-F52F5B55FA2A}.Release|x64.Build.0 = Release|x64
		{C8C754B7-E53D-4D7D-A3F7-F52F5B55FA2A}.Release|x86.ActiveCfg = Release|Win32
		{C8C754B7-E53D-4D7D-A3F7-F52F5B55FA2A}.Release|x86.Build.0 = Release|Win32
		{4297B501-7D79-4192-BC79-C6A8121B6C83}.Debug.DLL|x64.ActiveCfg = Debug.DLL|Win32
		{4297B501-7D79-4192-BC79-C6A8121B6C83}.Debug.DLL|x86.ActiveCfg = Debug.DLL|Win32
		{4297B501-7D79-4192-BC79-C6A8121B6C83}.Debug.DLL|x86.Build.0 = Debug.DLL|Win32
		{4297B501-7D79-4192-BC79-C6A8121B6C83}.Debug|x64.ActiveCfg = Debug|Win32
		{4297B501-7D79-4192-BC79-C6A8121B6C83}.Debug|x86.ActiveCfg = Debug|Win32
		{4297B501-7D79-4192-BC79-C6A8121B6C83}.Debug|x86.Build.0 = Debug|Win32
		{4297B501-7D79-4192-BC79-C6A8121B6C83}.Release.DLL|x64.ActiveCfg = Release.DLL|Win32
		{4297B501-7D79-4192-BC79-C6A8121B6C83}.Release.DLL|x86.ActiveCfg = Release.DLL|Win32
		{4297B501-7D79-4192-BC79-C6A8121B6C83}.Release.DLL|x86.Build.0 = Release.DLL|Win32
		{4297B501-7D79-4192-BC79-C6A8121B6C83}.Release|x64.ActiveCfg = Release|Win32
		{4297B501-7D79-4192-BC79-C6A8121B6C83}.Release|x86.ActiveCfg = Release|Win32
		{4297B501-7D79-4192-BC79-C6A8121B6C83}.Release|x86.Build.0 = Release|Win32
	EndGlobalSection
	GlobalSection(SolutionProperties) = preSolution
		HideSolutionNode = FALSE
	EndGlobalSection
	GlobalSection(NestedProjects) = preSolution
		{B655E850-3322-42F7-941D-6AC18FD66CA1} = {8716DC0F-4FDE-4F57-8E25-5F78DFB80FE1}
		{0981CA98-E4A5-4DF1-987F-A41D09131EFC} = {8716DC0F-4FDE-4F57-8E25-5F78DFB80FE1}
		{80AE5E50-FAC7-434F-A898-2878568E7D79} = {8716DC0F-4FDE-4F57-8E25-5F78DFB80FE1}
		{BC49AAF0-E8C2-4F94-A60A-C56993023C6D} = {8716DC0F-4FDE-4F57-8E25-5F78DFB80FE1}
		{56EB485C-00A9-459E-B758-2E86316EB7FD} = {8716DC0F-4FDE-4F57-8E25-5F78DFB80FE1}
		{A16D19CB-6AF4-4D17-8318-EABD8805247C} = {8716DC0F-4FDE-4F57-8E25-5F78DFB80FE1}
		{46B18968-56BC-4FB1-A7C0-FA418E095AFD} = {8716DC0F-4FDE-4F57-8E25-5F78DFB80FE1}
		{3415FF09-CF64-451E-AC03-F2A30EC2AFD5} = {8716DC0F-4FDE-4F57-8E25-5F78DFB80FE1}
		{B7AA867E-AA24-4CD6-A61E-5A0B9A068131} = {8716DC0F-4FDE-4F57-8E25-5F78DFB80FE1}
		{0207D9BA-25E0-44A0-9B54-952FFDA3D58D} = {8716DC0F-4FDE-4F57-8E25-5F78DFB80FE1}
		{C8C754B7-E53D-4D7D-A3F7-F52F5B55FA2A} = {8716DC0F-4FDE-4F57-8E25-5F78DFB80FE1}
		{4297B501-7D79-4192-BC79-C6A8121B6C83} = {8716DC0F-4FDE-4F57-8E25-5F78DFB80FE1}
	EndGlobalSection
	GlobalSection(ExtensibilityGlobals) = postSolution
		SolutionGuid = {E926C768-6307-4423-A1EC-57E95B1FAB29}
	EndGlobalSection
EndGlobal
