<?xml version="1.0" encoding="utf-8"?>
<Project ToolsVersion="4.0" xmlns="http://schemas.microsoft.com/developer/msbuild/2003">
  <ItemGroup>
    <ClCompile Include="..\..\..\src\raudio.c">
      <Filter>Source Files</Filter>
    </ClCompile>
    <ClCompile Include="..\..\..\src\rcore.c">
      <Filter>Source Files</Filter>
    </ClCompile>
    <ClCompile Include="..\..\..\src\rglfw.c">
      <Filter>Source Files</Filter>
    </ClCompile>
    <ClCompile Include="..\..\..\src\rmodels.c">
      <Filter>Source Files</Filter>
    </ClCompile>
    <ClCompile Include="..\..\..\src\rshapes.c">
      <Filter>Source Files</Filter>
    </ClCompile>
    <ClCompile Include="..\..\..\src\rtext.c">
      <Filter>Source Files</Filter>
    </ClCompile>
    <ClCompile Include="..\..\..\src\rtextures.c">
      <Filter>Source Files</Filter>
    </ClCompile>
    <ClCompile Include="..\..\..\src\platforms\rcore_android.c">
      <Filter>Source Files\Platform Files</Filter>
    </ClCompile>
    <ClCompile Include="..\..\..\src\platforms\rcore_desktop_glfw.c">
      <Filter>Source Files\Platform Files</Filter>
    </ClCompile>
    <ClCompile Include="..\..\..\src\platforms\rcore_desktop_rgfw.c">
      <Filter>Source Files\Platform Files</Filter>
    </ClCompile>
    <ClCompile Include="..\..\..\src\platforms\rcore_desktop_sdl.c">
      <Filter>Source Files\Platform Files</Filter>
    </ClCompile>
    <ClCompile Include="..\..\..\src\platforms\rcore_drm.c">
      <Filter>Source Files\Platform Files</Filter>
    </ClCompile>
    <ClCompile Include="..\..\..\src\platforms\rcore_template.c">
      <Filter>Source Files\Platform Files</Filter>
    </ClCompile>
    <ClCompile Include="..\..\..\src\platforms\rcore_web.c">
      <Filter>Source Files\Platform Files</Filter>
    </ClCompile>
    <ClCompile Include="..\..\..\src\platforms\rcore_desktop_win32.c">
      <Filter>Source Files\Platform Files</Filter>
    </ClCompile>
    <ClCompile Include="..\..\..\src\platforms\rcore_memory.c">
      <Filter>Source Files\Platform Files</Filter>
    </ClCompile>
  </ItemGroup>
  <ItemGroup>
    <ClInclude Include="..\..\..\src\external\cgltf.h">
      <Filter>Header Files</Filter>
    </ClInclude>
    <ClInclude Include="..\..\..\src\config.h">
      <Filter>Header Files</Filter>
    </ClInclude>
    <ClInclude Include="..\..\..\src\external\glad.h">
      <Filter>Header Files</Filter>
    </ClInclude>
    <ClInclude Include="..\..\..\src\external\jar_mod.h">
      <Filter>Header Files</Filter>
    </ClInclude>
    <ClInclude Include="..\..\..\src\external\jar_xm.h">
      <Filter>Header Files</Filter>
    </ClInclude>
    <ClInclude Include="..\..\..\src\external\miniaudio.h">
      <Filter>Header Files</Filter>
    </ClInclude>
    <ClInclude Include="..\..\..\src\raylib.h">
      <Filter>Header Files</Filter>
    </ClInclude>
    <ClInclude Include="..\..\..\src\raymath.h">
      <Filter>Header Files</Filter>
    </ClInclude>
    <ClInclude Include="..\..\..\src\rcamera.h">
      <Filter>Header Files</Filter>
    </ClInclude>
    <ClInclude Include="..\..\..\src\rgestures.h">
      <Filter>Header Files</Filter>
    </ClInclude>
    <ClInclude Include="..\..\..\src\rlgl.h">
      <Filter>Header Files</Filter>
    </ClInclude>
    <ClInclude Include="..\..\..\src\external\stb_image.h">
      <Filter>Header Files</Filter>
    </ClInclude>
    <ClInclude Include="..\..\..\src\external\stb_image_resize.h">
      <Filter>Header Files</Filter>
    </ClInclude>
    <ClInclude Include="..\..\..\src\external\stb_image_write.h">
      <Filter>Header Files</Filter>
    </ClInclude>
    <ClInclude Include="..\..\..\src\external\stb_rect_pack.h">
      <Filter>Header Files</Filter>
    </ClInclude>
    <ClInclude Include="..\..\..\src\external\stb_truetype.h">
      <Filter>Header Files</Filter>
    </ClInclude>
    <ClInclude Include="..\..\..\src\external\stb_vorbis.h">
      <Filter>Header Files</Filter>
    </ClInclude>
    <ClInclude Include="..\..\..\src\utils.h">
      <Filter>Header Files</Filter>
    </ClInclude>
  </ItemGroup>
  <ItemGroup>
    <ResourceCompile Include="..\..\..\src\raylib.dll.rc" />
  </ItemGroup>
  <ItemGroup>
    <Filter Include="Source Files">
      <UniqueIdentifier>{88e8d1f8-5c93-4f9e-a856-819a1f82a387}</UniqueIdentifier>
    </Filter>
    <Filter Include="Header Files">
      <UniqueIdentifier>{cba93591-3674-4384-9325-bc0ae2d72b9b}</UniqueIdentifier>
    </Filter>
    <Filter Include="Source Files\Platform Files">
      <UniqueIdentifier>{d18433d7-0e5c-40d7-a39d-e0f11f80d183}</UniqueIdentifier>
    </Filter>
  </ItemGroup>
</Project>